
Microsoft Visual Studio Solution File, Format Version 12.00
# Visual Studio Version 17
VisualStudioVersion = 17.4.33213.308
MinimumVisualStudioVersion = 10.0.40219.1
Project("{FAE04EC0-301F-11D3-BF4B-00C04F79EFBC}") = "ProductManagemnet", "ProductManagemnet\ProductManagemnet.csproj", "{F12690B3-1BBC-498A-8761-C606E978FDDE}"
EndProject
Global
	GlobalSection(SolutionConfigurationPlatforms) = preSolution
		Debug|Any CPU = Debug|Any CPU
		Release|Any CPU = Release|Any CPU
	EndGlobalSection
	GlobalSection(ProjectConfigurationPlatforms) = postSolution
		{F12690B3-1BBC-498A-8761-C606E978FDDE}.Debug|Any CPU.ActiveCfg = Debug|Any CPU
		{F12690B3-1BBC-498A-8761-C606E978FDDE}.Debug|Any CPU.Build.0 = Debug|Any CPU
		{F12690B3-1BBC-498A-8761-C606E978FDDE}.Release|Any CPU.ActiveCfg = Release|Any CPU
		{F12690B3-1BBC-498A-8761-C606E978FDDE}.Release|Any CPU.Build.0 = Release|Any CPU
	EndGlobalSection
	GlobalSection(SolutionProperties) = preSolution
		HideSolutionNode = FALSE
	EndGlobalSection
	GlobalSection(ExtensibilityGlobals) = postSolution
		SolutionGuid = {6631B74B-A2A8-4BCB-924C-29A66A187E6E}
	EndGlobalSection
EndGlobal
